
Microsoft Visual Studio Solution File, Format Version 12.00
Project("{FAE04EC0-301F-11D3-BF4B-00C04F79EFBC}") = "Eshva.Caching.Nats", "code\solutions\Eshva.Caching.Nats\Eshva.Caching.Nats.csproj", "{0B38A1EC-9E69-41F6-B72A-54A69F53E32E}"
EndProject
Project("{FAE04EC0-301F-11D3-BF4B-00C04F79EFBC}") = "Eshva.Caching.Nats.Tests.Tools", "code\tests\Eshva.Caching.Nats.Tests.Tools\Eshva.Caching.Nats.Tests.Tools.csproj", "{8A0266C4-9254-4048-99A1-14971B6CC895}"
EndProject
Project("{FAE04EC0-301F-11D3-BF4B-00C04F79EFBC}") = "Eshva.Caching.Nats.Tests.OutOfProcess", "code\tests\Eshva.Caching.Nats.Tests.OutOfProcess\Eshva.Caching.Nats.Tests.OutOfProcess.csproj", "{2A1F2F6E-2035-487B-9AAC-F9D1E9CB925F}"
EndProject
Global
	GlobalSection(SolutionConfigurationPlatforms) = preSolution
		Debug|Any CPU = Debug|Any CPU
		Release|Any CPU = Release|Any CPU
	EndGlobalSection
	GlobalSection(ProjectConfigurationPlatforms) = postSolution
		{0B38A1EC-9E69-41F6-B72A-54A69F53E32E}.Debug|Any CPU.ActiveCfg = Debug|Any CPU
		{0B38A1EC-9E69-41F6-B72A-54A69F53E32E}.Debug|Any CPU.Build.0 = Debug|Any CPU
		{0B38A1EC-9E69-41F6-B72A-54A69F53E32E}.Release|Any CPU.ActiveCfg = Release|Any CPU
		{0B38A1EC-9E69-41F6-B72A-54A69F53E32E}.Release|Any CPU.Build.0 = Release|Any CPU
		{8A0266C4-9254-4048-99A1-14971B6CC895}.Debug|Any CPU.ActiveCfg = Debug|Any CPU
		{8A0266C4-9254-4048-99A1-14971B6CC895}.Debug|Any CPU.Build.0 = Debug|Any CPU
		{8A0266C4-9254-4048-99A1-14971B6CC895}.Release|Any CPU.ActiveCfg = Release|Any CPU
		{8A0266C4-9254-4048-99A1-14971B6CC895}.Release|Any CPU.Build.0 = Release|Any CPU
		{2A1F2F6E-2035-487B-9AAC-F9D1E9CB925F}.Debug|Any CPU.ActiveCfg = Debug|Any CPU
		{2A1F2F6E-2035-487B-9AAC-F9D1E9CB925F}.Debug|Any CPU.Build.0 = Debug|Any CPU
		{2A1F2F6E-2035-487B-9AAC-F9D1E9CB925F}.Release|Any CPU.ActiveCfg = Release|Any CPU
		{2A1F2F6E-2035-487B-9AAC-F9D1E9CB925F}.Release|Any CPU.Build.0 = Release|Any CPU
	EndGlobalSection
EndGlobal
